
Microsoft Visual Studio Solution File, Format Version 12.00
# Visual Studio Version 17
VisualStudioVersion = 17.14.36616.10
MinimumVisualStudioVersion = 10.0.40219.1
Project("{FAE04EC0-301F-11D3-BF4B-00C04F79EFBC}") = "Ejercicio01", "Ejercicio01\Ejercicio01.csproj", "{8A13A8BA-AA92-4845-ACA9-91E9263A0240}"
EndProject
Project("{FAE04EC0-301F-11D3-BF4B-00C04F79EFBC}") = "Exercise_02", "Exercise_02\Exercise_02.csproj", "{D05AC71A-C435-4F89-BA04-EDDF18E782C3}"
EndProject
Project("{FAE04EC0-301F-11D3-BF4B-00C04F79EFBC}") = "Exercise_03", "Exercise_03\Exercise_03.csproj", "{BC5503EE-C95F-41F1-9914-F6CA125BD22E}"
EndProject
Project("{FAE04EC0-301F-11D3-BF4B-00C04F79EFBC}") = "Exercise_04", "Exercise_04\Exercise_04.csproj", "{FC68855E-A1C2-4B85-A584-08F2BD517224}"
EndProject
Project("{FAE04EC0-301F-11D3-BF4B-00C04F79EFBC}") = "Exercise_05", "Exercise_05\Exercise_05.csproj", "{ED7A9435-0720-48B8-B3B3-1B2FF50461AA}"
EndProject
Global
	GlobalSection(SolutionConfigurationPlatforms) = preSolution
		Debug|Any CPU = Debug|Any CPU
		Release|Any CPU = Release|Any CPU
	EndGlobalSection
	GlobalSection(ProjectConfigurationPlatforms) = postSolution
		{8A13A8BA-AA92-4845-ACA9-91E9263A0240}.Debug|Any CPU.ActiveCfg = Debug|Any CPU
		{8A13A8BA-AA92-4845-ACA9-91E9263A0240}.Debug|Any CPU.Build.0 = Debug|Any CPU
		{8A13A8BA-AA92-4845-ACA9-91E9263A0240}.Release|Any CPU.ActiveCfg = Release|Any CPU
		{8A13A8BA-AA92-4845-ACA9-91E9263A0240}.Release|Any CPU.Build.0 = Release|Any CPU
		{D05AC71A-C435-4F89-BA04-EDDF18E782C3}.Debug|Any CPU.ActiveCfg = Debug|Any CPU
		{D05AC71A-C435-4F89-BA04-EDDF18E782C3}.Debug|Any CPU.Build.0 = Debug|Any CPU
		{D05AC71A-C435-4F89-BA04-EDDF18E782C3}.Release|Any CPU.ActiveCfg = Release|Any CPU
		{D05AC71A-C435-4F89-BA04-EDDF18E782C3}.Release|Any CPU.Build.0 = Release|Any CPU
		{BC5503EE-C95F-41F1-9914-F6CA125BD22E}.Debug|Any CPU.ActiveCfg = Debug|Any CPU
		{BC5503EE-C95F-41F1-9914-F6CA125BD22E}.Debug|Any CPU.Build.0 = Debug|Any CPU
		{BC5503EE-C95F-41F1-9914-F6CA125BD22E}.Release|Any CPU.ActiveCfg = Release|Any CPU
		{BC5503EE-C95F-41F1-9914-F6CA125BD22E}.Release|Any CPU.Build.0 = Release|Any CPU
		{FC68855E-A1C2-4B85-A584-08F2BD517224}.Debug|Any CPU.ActiveCfg = Debug|Any CPU
		{FC68855E-A1C2-4B85-A584-08F2BD517224}.Debug|Any CPU.Build.0 = Debug|Any CPU
		{FC68855E-A1C2-4B85-A584-08F2BD517224}.Release|Any CPU.ActiveCfg = Release|Any CPU
		{FC68855E-A1C2-4B85-A584-08F2BD517224}.Release|Any CPU.Build.0 = Release|Any CPU
		{ED7A9435-0720-48B8-B3B3-1B2FF50461AA}.Debug|Any CPU.ActiveCfg = Debug|Any CPU
		{ED7A9435-0720-48B8-B3B3-1B2FF50461AA}.Debug|Any CPU.Build.0 = Debug|Any CPU
		{ED7A9435-0720-48B8-B3B3-1B2FF50461AA}.Release|Any CPU.ActiveCfg = Release|Any CPU
		{ED7A9435-0720-48B8-B3B3-1B2FF50461AA}.Release|Any CPU.Build.0 = Release|Any CPU
	EndGlobalSection
	GlobalSection(SolutionProperties) = preSolution
		HideSolutionNode = FALSE
	EndGlobalSection
	GlobalSection(ExtensibilityGlobals) = postSolution
		SolutionGuid = {CF27B227-4C25-450E-BEF4-E7C41FE7F408}
	EndGlobalSection
EndGlobal
